
Microsoft Visual Studio Solution File, Format Version 12.00
# Visual Studio Version 17
VisualStudioVersion = 17.8.34330.188
MinimumVisualStudioVersion = 10.0.40219.1
Project("{FAE04EC0-301F-11D3-BF4B-00C04F79EFBC}") = "Application", "DemoClean8\src\Application\Application.csproj", "{0D9AE221-EBB2-42FA-A2C8-951DDA34274E}"
EndProject
Project("{FAE04EC0-301F-11D3-BF4B-00C04F79EFBC}") = "Domain", "DemoClean8\src\Domain\Domain.csproj", "{5D382E63-05A2-4834-87C5-4BB1255104B0}"
EndProject
Project("{FAE04EC0-301F-11D3-BF4B-00C04F79EFBC}") = "Infrastructure", "DemoClean8\src\Infrastructure\Infrastructure.csproj", "{B5BCCA3C-3D14-48B3-A136-0C5D435A6F3C}"
EndProject
Project("{FAE04EC0-301F-11D3-BF4B-00C04F79EFBC}") = "Web", "DemoClean8\src\Web\Web.csproj", "{86B85E8D-2266-4043-B382-1DF6BE194ED0}"
EndProject
Project("{FAE04EC0-301F-11D3-BF4B-00C04F79EFBC}") = "Application.FunctionalTests", "DemoClean8\tests\Application.FunctionalTests\Application.FunctionalTests.csproj", "{C84B1CF4-26CA-4EDA-978F-BE00BCC45CCD}"
EndProject
Project("{FAE04EC0-301F-11D3-BF4B-00C04F79EFBC}") = "Application.UnitTests", "DemoClean8\tests\Application.UnitTests\Application.UnitTests.csproj", "{1C264242-07E9-4F23-875D-A0AD6F1FD6E0}"
EndProject
Project("{FAE04EC0-301F-11D3-BF4B-00C04F79EFBC}") = "Domain.UnitTests", "DemoClean8\tests\Domain.UnitTests\Domain.UnitTests.csproj", "{22752674-771E-4330-83E8-2D9BE000C11F}"
EndProject
Project("{FAE04EC0-301F-11D3-BF4B-00C04F79EFBC}") = "Infrastructure.IntegrationTests", "DemoClean8\tests\Infrastructure.IntegrationTests\Infrastructure.IntegrationTests.csproj", "{453598A1-F5FB-4F12-8D1C-05DCDA56B3C6}"
EndProject
Project("{2150E333-8FDC-42A3-9474-1A3956D46DE8}") = "src", "src", "{70C6F089-6D44-4167-BAA7-C9AFC5464B0F}"
EndProject
Project("{2150E333-8FDC-42A3-9474-1A3956D46DE8}") = "tests", "tests", "{DC546D55-BCDE-4A20-AED8-5289584BB349}"
EndProject
Global
	GlobalSection(SolutionConfigurationPlatforms) = preSolution
		Debug|Any CPU = Debug|Any CPU
		Release|Any CPU = Release|Any CPU
	EndGlobalSection
	GlobalSection(ProjectConfigurationPlatforms) = postSolution
		{0D9AE221-EBB2-42FA-A2C8-951DDA34274E}.Debug|Any CPU.ActiveCfg = Debug|Any CPU
		{0D9AE221-EBB2-42FA-A2C8-951DDA34274E}.Debug|Any CPU.Build.0 = Debug|Any CPU
		{0D9AE221-EBB2-42FA-A2C8-951DDA34274E}.Release|Any CPU.ActiveCfg = Release|Any CPU
		{0D9AE221-EBB2-42FA-A2C8-951DDA34274E}.Release|Any CPU.Build.0 = Release|Any CPU
		{5D382E63-05A2-4834-87C5-4BB1255104B0}.Debug|Any CPU.ActiveCfg = Debug|Any CPU
		{5D382E63-05A2-4834-87C5-4BB1255104B0}.Debug|Any CPU.Build.0 = Debug|Any CPU
		{5D382E63-05A2-4834-87C5-4BB1255104B0}.Release|Any CPU.ActiveCfg = Release|Any CPU
		{5D382E63-05A2-4834-87C5-4BB1255104B0}.Release|Any CPU.Build.0 = Release|Any CPU
		{B5BCCA3C-3D14-48B3-A136-0C5D435A6F3C}.Debug|Any CPU.ActiveCfg = Debug|Any CPU
		{B5BCCA3C-3D14-48B3-A136-0C5D435A6F3C}.Debug|Any CPU.Build.0 = Debug|Any CPU
		{B5BCCA3C-3D14-48B3-A136-0C5D435A6F3C}.Release|Any CPU.ActiveCfg = Release|Any CPU
		{B5BCCA3C-3D14-48B3-A136-0C5D435A6F3C}.Release|Any CPU.Build.0 = Release|Any CPU
		{86B85E8D-2266-4043-B382-1DF6BE194ED0}.Debug|Any CPU.ActiveCfg = Debug|Any CPU
		{86B85E8D-2266-4043-B382-1DF6BE194ED0}.Debug|Any CPU.Build.0 = Debug|Any CPU
		{86B85E8D-2266-4043-B382-1DF6BE194ED0}.Release|Any CPU.ActiveCfg = Release|Any CPU
		{86B85E8D-2266-4043-B382-1DF6BE194ED0}.Release|Any CPU.Build.0 = Release|Any CPU
		{C84B1CF4-26CA-4EDA-978F-BE00BCC45CCD}.Debug|Any CPU.ActiveCfg = Debug|Any CPU
		{C84B1CF4-26CA-4EDA-978F-BE00BCC45CCD}.Debug|Any CPU.Build.0 = Debug|Any CPU
		{C84B1CF4-26CA-4EDA-978F-BE00BCC45CCD}.Release|Any CPU.ActiveCfg = Release|Any CPU
		{C84B1CF4-26CA-4EDA-978F-BE00BCC45CCD}.Release|Any CPU.Build.0 = Release|Any CPU
		{1C264242-07E9-4F23-875D-A0AD6F1FD6E0}.Debug|Any CPU.ActiveCfg = Debug|Any CPU
		{1C264242-07E9-4F23-875D-A0AD6F1FD6E0}.Debug|Any CPU.Build.0 = Debug|Any CPU
		{1C264242-07E9-4F23-875D-A0AD6F1FD6E0}.Release|Any CPU.ActiveCfg = Release|Any CPU
		{1C264242-07E9-4F23-875D-A0AD6F1FD6E0}.Release|Any CPU.Build.0 = Release|Any CPU
		{22752674-771E-4330-83E8-2D9BE000C11F}.Debug|Any CPU.ActiveCfg = Debug|Any CPU
		{22752674-771E-4330-83E8-2D9BE000C11F}.Debug|Any CPU.Build.0 = Debug|Any CPU
		{22752674-771E-4330-83E8-2D9BE000C11F}.Release|Any CPU.ActiveCfg = Release|Any CPU
		{22752674-771E-4330-83E8-2D9BE000C11F}.Release|Any CPU.Build.0 = Release|Any CPU
		{453598A1-F5FB-4F12-8D1C-05DCDA56B3C6}.Debug|Any CPU.ActiveCfg = Debug|Any CPU
		{453598A1-F5FB-4F12-8D1C-05DCDA56B3C6}.Debug|Any CPU.Build.0 = Debug|Any CPU
		{453598A1-F5FB-4F12-8D1C-05DCDA56B3C6}.Release|Any CPU.ActiveCfg = Release|Any CPU
		{453598A1-F5FB-4F12-8D1C-05DCDA56B3C6}.Release|Any CPU.Build.0 = Release|Any CPU
	EndGlobalSection
	GlobalSection(SolutionProperties) = preSolution
		HideSolutionNode = FALSE
	EndGlobalSection
	GlobalSection(NestedProjects) = preSolution
		{0D9AE221-EBB2-42FA-A2C8-951DDA34274E} = {70C6F089-6D44-4167-BAA7-C9AFC5464B0F}
		{5D382E63-05A2-4834-87C5-4BB1255104B0} = {70C6F089-6D44-4167-BAA7-C9AFC5464B0F}
		{B5BCCA3C-3D14-48B3-A136-0C5D435A6F3C} = {70C6F089-6D44-4167-BAA7-C9AFC5464B0F}
		{86B85E8D-2266-4043-B382-1DF6BE194ED0} = {70C6F089-6D44-4167-BAA7-C9AFC5464B0F}
		{C84B1CF4-26CA-4EDA-978F-BE00BCC45CCD} = {DC546D55-BCDE-4A20-AED8-5289584BB349}
		{1C264242-07E9-4F23-875D-A0AD6F1FD6E0} = {DC546D55-BCDE-4A20-AED8-5289584BB349}
		{22752674-771E-4330-83E8-2D9BE000C11F} = {DC546D55-BCDE-4A20-AED8-5289584BB349}
		{453598A1-F5FB-4F12-8D1C-05DCDA56B3C6} = {DC546D55-BCDE-4A20-AED8-5289584BB349}
	EndGlobalSection
	GlobalSection(ExtensibilityGlobals) = postSolution
		SolutionGuid = {8FC23CE6-D2E3-4688-8555-ABD0AEBDAA25}
	EndGlobalSection
EndGlobal
